// !$*UTF8*$!
{
	archiveVersion = 1;
	classes = {
	};
	objectVersion = 46;
	objects = {

/* Begin PBXBuildFile section */
		51A67E3B1716C0B30019E42E /* UIKit.framework in Frameworks */ = {isa = PBXBuildFile; fileRef = 51A67E3A1716C0B30019E42E /* UIKit.framework */; };
		51A67E3D1716C0B30019E42E /* Foundation.framework in Frameworks */ = {isa = PBXBuildFile; fileRef = 51A67E3C1716C0B30019E42E /* Foundation.framework */; };
		51A67E3F1716C0B30019E42E /* CoreGraphics.framework in Frameworks */ = {isa = PBXBuildFile; fileRef = 51A67E3E1716C0B30019E42E /* CoreGraphics.framework */; };
		51A67E451716C0B30019E42E /* InfoPlist.strings in Resources */ = {isa = PBXBuildFile; fileRef = 51A67E431716C0B30019E42E /* InfoPlist.strings */; };
		51A67E471716C0B30019E42E /* main.m in Sources */ = {isa = PBXBuildFile; fileRef = 51A67E461716C0B30019E42E /* main.m */; };
		51A67E4B1716C0B30019E42E /* SCallAppDelegate.m in Sources */ = {isa = PBXBuildFile; fileRef = 51A67E4A1716C0B30019E42E /* SCallAppDelegate.m */; };
		51A67E4D1716C0B30019E42E /* Default.png in Resources */ = {isa = PBXBuildFile; fileRef = 51A67E4C1716C0B30019E42E /* Default.png */; };
		51A67E4F1716C0B30019E42E /* Default@2x.png in Resources */ = {isa = PBXBuildFile; fileRef = 51A67E4E1716C0B30019E42E /* Default@2x.png */; };
		51A67E511716C0B30019E42E /* Default-568h@2x.png in Resources */ = {isa = PBXBuildFile; fileRef = 51A67E501716C0B30019E42E /* Default-568h@2x.png */; };
		51A67E541716C0B40019E42E /* MainStoryboard.storyboard in Resources */ = {isa = PBXBuildFile; fileRef = 51A67E521716C0B40019E42E /* MainStoryboard.storyboard */; };
		51A67E571716C0B40019E42E /* SCallMasterViewController.m in Sources */ = {isa = PBXBuildFile; fileRef = 51A67E561716C0B40019E42E /* SCallMasterViewController.m */; };
		51A67E5A1716C0B40019E42E /* SCallDetailViewController.m in Sources */ = {isa = PBXBuildFile; fileRef = 51A67E591716C0B40019E42E /* SCallDetailViewController.m */; };
		51A67E621716C0B40019E42E /* SenTestingKit.framework in Frameworks */ = {isa = PBXBuildFile; fileRef = 51A67E611716C0B40019E42E /* SenTestingKit.framework */; };
		51A67E631716C0B40019E42E /* UIKit.framework in Frameworks */ = {isa = PBXBuildFile; fileRef = 51A67E3A1716C0B30019E42E /* UIKit.framework */; };
		51A67E641716C0B40019E42E /* Foundation.framework in Frameworks */ = {isa = PBXBuildFile; fileRef = 51A67E3C1716C0B30019E42E /* Foundation.framework */; };
		51A67E6C1716C0B40019E42E /* InfoPlist.strings in Resources */ = {isa = PBXBuildFile; fileRef = 51A67E6A1716C0B40019E42E /* InfoPlist.strings */; };
		51A67E6F1716C0B40019E42E /* iPadTestingTests.m in Sources */ = {isa = PBXBuildFile; fileRef = 51A67E6E1716C0B40019E42E /* iPadTestingTests.m */; };
/* End PBXBuildFile section */

/* Begin PBXContainerItemProxy section */
		51A67E651716C0B40019E42E /* PBXContainerItemProxy */ = {
			isa = PBXContainerItemProxy;
			containerPortal = 51A67E2F1716C0B30019E42E /* Project object */;
			proxyType = 1;
			remoteGlobalIDString = 51A67E361716C0B30019E42E;
			remoteInfo = iPadTesting;
		};
/* End PBXContainerItemProxy section */

/* Begin PBXFileReference section */
		51A67E371716C0B30019E42E /* iPadTesting.app */ = {isa = PBXFileReference; explicitFileType = wrapper.application; includeInIndex = 0; path = iPadTesting.app; sourceTree = BUILT_PRODUCTS_DIR; };
		51A67E3A1716C0B30019E42E /* UIKit.framework */ = {isa = PBXFileReference; lastKnownFileType = wrapper.framework; name = UIKit.framework; path = System/Library/Frameworks/UIKit.framework; sourceTree = SDKROOT; };
		51A67E3C1716C0B30019E42E /* Foundation.framework */ = {isa = PBXFileReference; lastKnownFileType = wrapper.framework; name = Foundation.framework; path = System/Library/Frameworks/Foundation.framework; sourceTree = SDKROOT; };
		51A67E3E1716C0B30019E42E /* CoreGraphics.framework */ = {isa = PBXFileReference; lastKnownFileType = wrapper.framework; name = CoreGraphics.framework; path = System/Library/Frameworks/CoreGraphics.framework; sourceTree = SDKROOT; };
		51A67E421716C0B30019E42E /* iPadTesting-Info.plist */ = {isa = PBXFileReference; lastKnownFileType = text.plist.xml; path = "iPadTesting-Info.plist"; sourceTree = "<group>"; };
		51A67E441716C0B30019E42E /* en */ = {isa = PBXFileReference; lastKnownFileType = text.plist.strings; name = en; path = en.lproj/InfoPlist.strings; sourceTree = "<group>"; };
		51A67E461716C0B30019E42E /* main.m */ = {isa = PBXFileReference; lastKnownFileType = sourcecode.c.objc; path = main.m; sourceTree = "<group>"; };
		51A67E481716C0B30019E42E /* iPadTesting-Prefix.pch */ = {isa = PBXFileReference; lastKnownFileType = sourcecode.c.h; path = "iPadTesting-Prefix.pch"; sourceTree = "<group>"; };
		51A67E491716C0B30019E42E /* SCallAppDelegate.h */ = {isa = PBXFileReference; lastKnownFileType = sourcecode.c.h; path = SCallAppDelegate.h; sourceTree = "<group>"; };
		51A67E4A1716C0B30019E42E /* SCallAppDelegate.m */ = {isa = PBXFileReference; lastKnownFileType = sourcecode.c.objc; path = SCallAppDelegate.m; sourceTree = "<group>"; };
		51A67E4C1716C0B30019E42E /* Default.png */ = {isa = PBXFileReference; lastKnownFileType = image.png; path = Default.png; sourceTree = "<group>"; };
		51A67E4E1716C0B30019E42E /* Default@2x.png */ = {isa = PBXFileReference; lastKnownFileType = image.png; path = "Default@2x.png"; sourceTree = "<group>"; };
		51A67E501716C0B30019E42E /* Default-568h@2x.png */ = {isa = PBXFileReference; lastKnownFileType = image.png; path = "Default-568h@2x.png"; sourceTree = "<group>"; };
		51A67E531716C0B40019E42E /* en */ = {isa = PBXFileReference; lastKnownFileType = file.storyboard; name = en; path = en.lproj/MainStoryboard.storyboard; sourceTree = "<group>"; };
		51A67E551716C0B40019E42E /* SCallMasterViewController.h */ = {isa = PBXFileReference; lastKnownFileType = sourcecode.c.h; path = SCallMasterViewController.h; sourceTree = "<group>"; };
		51A67E561716C0B40019E42E /* SCallMasterViewController.m */ = {isa = PBXFileReference; lastKnownFileType = sourcecode.c.objc; path = SCallMasterViewController.m; sourceTree = "<group>"; };
		51A67E581716C0B40019E42E /* SCallDetailViewController.h */ = {isa = PBXFileReference; lastKnownFileType = sourcecode.c.h; path = SCallDetailViewController.h; sourceTree = "<group>"; };
		51A67E591716C0B40019E42E /* SCallDetailViewController.m */ = {isa = PBXFileReference; lastKnownFileType = sourcecode.c.objc; path = SCallDetailViewController.m; sourceTree = "<group>"; };
		51A67E601716C0B40019E42E /* iPadTestingTests.octest */ = {isa = PBXFileReference; explicitFileType = wrapper.cfbundle; includeInIndex = 0; path = iPadTestingTests.octest; sourceTree = BUILT_PRODUCTS_DIR; };
		51A67E611716C0B40019E42E /* SenTestingKit.framework */ = {isa = PBXFileReference; lastKnownFileType = wrapper.framework; name = SenTestingKit.framework; path = Library/Frameworks/SenTestingKit.framework; sourceTree = DEVELOPER_DIR; };
		51A67E691716C0B40019E42E /* iPadTestingTests-Info.plist */ = {isa = PBXFileReference; lastKnownFileType = text.plist.xml; path = "iPadTestingTests-Info.plist"; sourceTree = "<group>"; };
		51A67E6B1716C0B40019E42E /* en */ = {isa = PBXFileReference; lastKnownFileType = text.plist.strings; name = en; path = en.lproj/InfoPlist.strings; sourceTree = "<group>"; };
		51A67E6D1716C0B40019E42E /* iPadTestingTests.h */ = {isa = PBXFileReference; lastKnownFileType = sourcecode.c.h; path = iPadTestingTests.h; sourceTree = "<group>"; };
		51A67E6E1716C0B40019E42E /* iPadTestingTests.m */ = {isa = PBXFileReference; lastKnownFileType = sourcecode.c.objc; path = iPadTestingTests.m; sourceTree = "<group>"; };
/* End PBXFileReference section */

/* Begin PBXFrameworksBuildPhase section */
		51A67E341716C0B30019E42E /* Frameworks */ = {
			isa = PBXFrameworksBuildPhase;
			buildActionMask = 2147483647;
			files = (
				51A67E3B1716C0B30019E42E /* UIKit.framework in Frameworks */,
				51A67E3D1716C0B30019E42E /* Foundation.framework in Frameworks */,
				51A67E3F1716C0B30019E42E /* CoreGraphics.framework in Frameworks */,
			);
			runOnlyForDeploymentPostprocessing = 0;
		};
		51A67E5C1716C0B40019E42E /* Frameworks */ = {
			isa = PBXFrameworksBuildPhase;
			buildActionMask = 2147483647;
			files = (
				51A67E621716C0B40019E42E /* SenTestingKit.framework in Frameworks */,
				51A67E631716C0B40019E42E /* UIKit.framework in Frameworks */,
				51A67E641716C0B40019E42E /* Foundation.framework in Frameworks */,
			);
			runOnlyForDeploymentPostprocessing = 0;
		};
/* End PBXFrameworksBuildPhase section */

/* Begin PBXGroup section */
		51A67E2E1716C0B30019E42E = {
			isa = PBXGroup;
			children = (
				51A67E401716C0B30019E42E /* iPadTesting */,
				51A67E671716C0B40019E42E /* iPadTestingTests */,
				51A67E391716C0B30019E42E /* Frameworks */,
				51A67E381716C0B30019E42E /* Products */,
			);
			sourceTree = "<group>";
		};
		51A67E381716C0B30019E42E /* Products */ = {
			isa = PBXGroup;
			children = (
				51A67E371716C0B30019E42E /* iPadTesting.app */,
				51A67E601716C0B40019E42E /* iPadTestingTests.octest */,
			);
			name = Products;
			sourceTree = "<group>";
		};
		51A67E391716C0B30019E42E /* Frameworks */ = {
			isa = PBXGroup;
			children = (
				51A67E3A1716C0B30019E42E /* UIKit.framework */,
				51A67E3C1716C0B30019E42E /* Foundation.framework */,
				51A67E3E1716C0B30019E42E /* CoreGraphics.framework */,
				51A67E611716C0B40019E42E /* SenTestingKit.framework */,
			);
			name = Frameworks;
			sourceTree = "<group>";
		};
		51A67E401716C0B30019E42E /* iPadTesting */ = {
			isa = PBXGroup;
			children = (
				51A67E491716C0B30019E42E /* SCallAppDelegate.h */,
				51A67E4A1716C0B30019E42E /* SCallAppDelegate.m */,
				51A67E521716C0B40019E42E /* MainStoryboard.storyboard */,
				51A67E551716C0B40019E42E /* SCallMasterViewController.h */,
				51A67E561716C0B40019E42E /* SCallMasterViewController.m */,
				51A67E581716C0B40019E42E /* SCallDetailViewController.h */,
				51A67E591716C0B40019E42E /* SCallDetailViewController.m */,
				51A67E411716C0B30019E42E /* Supporting Files */,
			);
			path = iPadTesting;
			sourceTree = "<group>";
		};
		51A67E411716C0B30019E42E /* Supporting Files */ = {
			isa = PBXGroup;
			children = (
				51A67E421716C0B30019E42E /* iPadTesting-Info.plist */,
				51A67E431716C0B30019E42E /* InfoPlist.strings */,
				51A67E461716C0B30019E42E /* main.m */,
				51A67E481716C0B30019E42E /* iPadTesting-Prefix.pch */,
				51A67E4C1716C0B30019E42E /* Default.png */,
				51A67E4E1716C0B30019E42E /* Default@2x.png */,
				51A67E501716C0B30019E42E /* Default-568h@2x.png */,
			);
			name = "Supporting Files";
			sourceTree = "<group>";
		};
		51A67E671716C0B40019E42E /* iPadTestingTests */ = {
			isa = PBXGroup;
			children = (
				51A67E6D1716C0B40019E42E /* iPadTestingTests.h */,
				51A67E6E1716C0B40019E42E /* iPadTestingTests.m */,
				51A67E681716C0B40019E42E /* Supporting Files */,
			);
			path = iPadTestingTests;
			sourceTree = "<group>";
		};
		51A67E681716C0B40019E42E /* Supporting Files */ = {
			isa = PBXGroup;
			children = (
				51A67E691716C0B40019E42E /* iPadTestingTests-Info.plist */,
				51A67E6A1716C0B40019E42E /* InfoPlist.strings */,
			);
			name = "Supporting Files";
			sourceTree = "<group>";
		};
/* End PBXGroup section */

/* Begin PBXNativeTarget section */
		51A67E361716C0B30019E42E /* iPadTesting */ = {
			isa = PBXNativeTarget;
			buildConfigurationList = 51A67E721716C0B40019E42E /* Build configuration list for PBXNativeTarget "iPadTesting" */;
			buildPhases = (
				51A67E331716C0B30019E42E /* Sources */,
				51A67E341716C0B30019E42E /* Frameworks */,
				51A67E351716C0B30019E42E /* Resources */,
			);
			buildRules = (
			);
			dependencies = (
			);
			name = iPadTesting;
			productName = iPadTesting;
			productReference = 51A67E371716C0B30019E42E /* iPadTesting.app */;
			productType = "com.apple.product-type.application";
		};
		51A67E5F1716C0B40019E42E /* iPadTestingTests */ = {
			isa = PBXNativeTarget;
			buildConfigurationList = 51A67E751716C0B40019E42E /* Build configuration list for PBXNativeTarget "iPadTestingTests" */;
			buildPhases = (
				51A67E5B1716C0B40019E42E /* Sources */,
				51A67E5C1716C0B40019E42E /* Frameworks */,
				51A67E5D1716C0B40019E42E /* Resources */,
				51A67E5E1716C0B40019E42E /* ShellScript */,
			);
			buildRules = (
			);
			dependencies = (
				51A67E661716C0B40019E42E /* PBXTargetDependency */,
			);
			name = iPadTestingTests;
			productName = iPadTestingTests;
			productReference = 51A67E601716C0B40019E42E /* iPadTestingTests.octest */;
			productType = "com.apple.product-type.bundle";
		};
/* End PBXNativeTarget section */

/* Begin PBXProject section */
		51A67E2F1716C0B30019E42E /* Project object */ = {
			isa = PBXProject;
			attributes = {
				CLASSPREFIX = SCall;
				LastUpgradeCheck = 0460;
				ORGANIZATIONNAME = "Raul Ramirez";
			};
			buildConfigurationList = 51A67E321716C0B30019E42E /* Build configuration list for PBXProject "iPadTesting" */;
			compatibilityVersion = "Xcode 3.2";
			developmentRegion = English;
			hasScannedForEncodings = 0;
			knownRegions = (
				en,
			);
			mainGroup = 51A67E2E1716C0B30019E42E;
			productRefGroup = 51A67E381716C0B30019E42E /* Products */;
			projectDirPath = "";
			projectRoot = "";
			targets = (
				51A67E361716C0B30019E42E /* iPadTesting */,
				51A67E5F1716C0B40019E42E /* iPadTestingTests */,
			);
		};
/* End PBXProject section */

/* Begin PBXResourcesBuildPhase section */
		51A67E351716C0B30019E42E /* Resources */ = {
			isa = PBXResourcesBuildPhase;
			buildActionMask = 2147483647;
			files = (
				51A67E451716C0B30019E42E /* InfoPlist.strings in Resources */,
				51A67E4D1716C0B30019E42E /* Default.png in Resources */,
				51A67E4F1716C0B30019E42E /* Default@2x.png in Resources */,
				51A67E511716C0B30019E42E /* Default-568h@2x.png in Resources */,
				51A67E541716C0B40019E42E /* MainStoryboard.storyboard in Resources */,
			);
			runOnlyForDeploymentPostprocessing = 0;
		};
		51A67E5D1716C0B40019E42E /* Resources */ = {
			isa = PBXResourcesBuildPhase;
			buildActionMask = 2147483647;
			files = (
				51A67E6C1716C0B40019E42E /* InfoPlist.strings in Resources */,
			);
			runOnlyForDeploymentPostprocessing = 0;
		};
/* End PBXResourcesBuildPhase section */

/* Begin PBXShellScriptBuildPhase section */
		51A67E5E1716C0B40019E42E /* ShellScript */ = {
			isa = PBXShellScriptBuildPhase;
			buildActionMask = 2147483647;
			files = (
			);
			inputPaths = (
			);
			outputPaths = (
			);
			runOnlyForDeploymentPostprocessing = 0;
			shellPath = /bin/sh;
			shellScript = "# Run the unit tests in this test bundle.\n\"${SYSTEM_DEVELOPER_DIR}/Tools/RunUnitTests\"\n";
		};
/* End PBXShellScriptBuildPhase section */

/* Begin PBXSourcesBuildPhase section */
		51A67E331716C0B30019E42E /* Sources */ = {
			isa = PBXSourcesBuildPhase;
			buildActionMask = 2147483647;
			files = (
				51A67E471716C0B30019E42E /* main.m in Sources */,
				51A67E4B1716C0B30019E42E /* SCallAppDelegate.m in Sources */,
				51A67E571716C0B40019E42E /* SCallMasterViewController.m in Sources */,
				51A67E5A1716C0B40019E42E /* SCallDetailViewController.m in Sources */,
			);
			runOnlyForDeploymentPostprocessing = 0;
		};
		51A67E5B1716C0B40019E42E /* Sources */ = {
			isa = PBXSourcesBuildPhase;
			buildActionMask = 2147483647;
			files = (
				51A67E6F1716C0B40019E42E /* iPadTestingTests.m in Sources */,
			);
			runOnlyForDeploymentPostprocessing = 0;
		};
/* End PBXSourcesBuildPhase section */

/* Begin PBXTargetDependency section */
		51A67E661716C0B40019E42E /* PBXTargetDependency */ = {
			isa = PBXTargetDependency;
			target = 51A67E361716C0B30019E42E /* iPadTesting */;
			targetProxy = 51A67E651716C0B40019E42E /* PBXContainerItemProxy */;
		};
/* End PBXTargetDependency section */

/* Begin PBXVariantGroup section */
		51A67E431716C0B30019E42E /* InfoPlist.strings */ = {
			isa = PBXVariantGroup;
			children = (
				51A67E441716C0B30019E42E /* en */,
			);
			name = InfoPlist.strings;
			sourceTree = "<group>";
		};
		51A67E521716C0B40019E42E /* MainStoryboard.storyboard */ = {
			isa = PBXVariantGroup;
			children = (
				51A67E531716C0B40019E42E /* en */,
			);
			name = MainStoryboard.storyboard;
			sourceTree = "<group>";
		};
		51A67E6A1716C0B40019E42E /* InfoPlist.strings */ = {
			isa = PBXVariantGroup;
			children = (
				51A67E6B1716C0B40019E42E /* en */,
			);
			name = InfoPlist.strings;
			sourceTree = "<group>";
		};
/* End PBXVariantGroup section */

/* Begin XCBuildConfiguration section */
		51A67E701716C0B40019E42E /* Debug */ = {
			isa = XCBuildConfiguration;
			buildSettings = {
				ALWAYS_SEARCH_USER_PATHS = NO;
				CLANG_CXX_LANGUAGE_STANDARD = "gnu++0x";
				CLANG_CXX_LIBRARY = "libc++";
				CLANG_ENABLE_OBJC_ARC = YES;
				CLANG_WARN_CONSTANT_CONVERSION = YES;
				CLANG_WARN_EMPTY_BODY = YES;
				CLANG_WARN_ENUM_CONVERSION = YES;
				CLANG_WARN_INT_CONVERSION = YES;
				CLANG_WARN__DUPLICATE_METHOD_MATCH = YES;
				"CODE_SIGN_IDENTITY[sdk=iphoneos*]" = "iPhone Developer";
				COPY_PHASE_STRIP = NO;
				GCC_C_LANGUAGE_STANDARD = gnu99;
				GCC_DYNAMIC_NO_PIC = NO;
				GCC_OPTIMIZATION_LEVEL = 0;
				GCC_PREPROCESSOR_DEFINITIONS = (
					"DEBUG=1",
					"$(inherited)",
				);
				GCC_SYMBOLS_PRIVATE_EXTERN = NO;
				GCC_WARN_ABOUT_RETURN_TYPE = YES;
				GCC_WARN_UNINITIALIZED_AUTOS = YES;
				GCC_WARN_UNUSED_VARIABLE = YES;
				IPHONEOS_DEPLOYMENT_TARGET = 6.1;
				ONLY_ACTIVE_ARCH = YES;
				SDKROOT = iphoneos;
			};
			name = Debug;
		};
		51A67E711716C0B40019E42E /* Release */ = {
			isa = XCBuildConfiguration;
			buildSettings = {
				ALWAYS_SEARCH_USER_PATHS = NO;
				CLANG_CXX_LANGUAGE_STANDARD = "gnu++0x";
				CLANG_CXX_LIBRARY = "libc++";
				CLANG_ENABLE_OBJC_ARC = YES;
				CLANG_WARN_CONSTANT_CONVERSION = YES;
				CLANG_WARN_EMPTY_BODY = YES;
				CLANG_WARN_ENUM_CONVERSION = YES;
				CLANG_WARN_INT_CONVERSION = YES;
				CLANG_WARN__DUPLICATE_METHOD_MATCH = YES;
				"CODE_SIGN_IDENTITY[sdk=iphoneos*]" = "iPhone Developer";
				COPY_PHASE_STRIP = YES;
				GCC_C_LANGUAGE_STANDARD = gnu99;
				GCC_WARN_ABOUT_RETURN_TYPE = YES;
				GCC_WARN_UNINITIALIZED_AUTOS = YES;
				GCC_WARN_UNUSED_VARIABLE = YES;
				IPHONEOS_DEPLOYMENT_TARGET = 6.1;
				OTHER_CFLAGS = "-DNS_BLOCK_ASSERTIONS=1";
				SDKROOT = iphoneos;
				VALIDATE_PRODUCT = YES;
			};
			name = Release;
		};
		51A67E731716C0B40019E42E /* Debug */ = {
			isa = XCBuildConfiguration;
			buildSettings = {
				GCC_PRECOMPILE_PREFIX_HEADER = YES;
				GCC_PREFIX_HEADER = "iPadTesting/iPadTesting-Prefix.pch";
				INFOPLIST_FILE = "iPadTesting/iPadTesting-Info.plist";
				PRODUCT_NAME = "$(TARGET_NAME)";
				WRAPPER_EXTENSION = app;
			};
			name = Debug;
		};
		51A67E741716C0B40019E42E /* Release */ = {
			isa = XCBuildConfiguration;
			buildSettings = {
				GCC_PRECOMPILE_PREFIX_HEADER = YES;
				GCC_PREFIX_HEADER = "iPadTesting/iPadTesting-Prefix.pch";
				INFOPLIST_FILE = "iPadTesting/iPadTesting-Info.plist";
				PRODUCT_NAME = "$(TARGET_NAME)";
				WRAPPER_EXTENSION = app;
			};
			name = Release;
		};
		51A67E761716C0B40019E42E /* Debug */ = {
			isa = XCBuildConfiguration;
			buildSettings = {
				BUNDLE_LOADER = "$(BUILT_PRODUCTS_DIR)/iPadTesting.app/iPadTesting";
				FRAMEWORK_SEARCH_PATHS = (
					"\"$(SDKROOT)/Developer/Library/Frameworks\"",
					"\"$(DEVELOPER_LIBRARY_DIR)/Frameworks\"",
				);
				GCC_PRECOMPILE_PREFIX_HEADER = YES;
				GCC_PREFIX_HEADER = "iPadTesting/iPadTesting-Prefix.pch";
				INFOPLIST_FILE = "iPadTestingTests/iPadTestingTests-Info.plist";
				PRODUCT_NAME = "$(TARGET_NAME)";
				TEST_HOST = "$(BUNDLE_LOADER)";
				WRAPPER_EXTENSION = octest;
			};
			name = Debug;
		};
		51A67E771716C0B40019E42E /* Release */ = {
			isa = XCBuildConfiguration;
			buildSettings = {
				BUNDLE_LOADER = "$(BUILT_PRODUCTS_DIR)/iPadTesting.app/iPadTesting";
				FRAMEWORK_SEARCH_PATHS = (
					"\"$(SDKROOT)/Developer/Library/Frameworks\"",
					"\"$(DEVELOPER_LIBRARY_DIR)/Frameworks\"",
				);
				GCC_PRECOMPILE_PREFIX_HEADER = YES;
				GCC_PREFIX_HEADER = "iPadTesting/iPadTesting-Prefix.pch";
				INFOPLIST_FILE = "iPadTestingTests/iPadTestingTests-Info.plist";
				PRODUCT_NAME = "$(TARGET_NAME)";
				TEST_HOST = "$(BUNDLE_LOADER)";
				WRAPPER_EXTENSION = octest;
			};
			name = Release;
		};
/* End XCBuildConfiguration section */

/* Begin XCConfigurationList section */
		51A67E321716C0B30019E42E /* Build configuration list for PBXProject "iPadTesting" */ = {
			isa = XCConfigurationList;
			buildConfigurations = (
				51A67E701716C0B40019E42E /* Debug */,
				51A67E711716C0B40019E42E /* Release */,
			);
			defaultConfigurationIsVisible = 0;
			defaultConfigurationName = Release;
		};
		51A67E721716C0B40019E42E /* Build configuration list for PBXNativeTarget "iPadTesting" */ = {
			isa = XCConfigurationList;
			buildConfigurations = (
				51A67E731716C0B40019E42E /* Debug */,
				51A67E741716C0B40019E42E /* Release */,
			);
			defaultConfigurationIsVisible = 0;
		};
		51A67E751716C0B40019E42E /* Build configuration list for PBXNativeTarget "iPadTestingTests" */ = {
			isa = XCConfigurationList;
			buildConfigurations = (
				51A67E761716C0B40019E42E /* Debug */,
				51A67E771716C0B40019E42E /* Release */,
			);
			defaultConfigurationIsVisible = 0;
		};
/* End XCConfigurationList section */
	};
	rootObject = 51A67E2F1716C0B30019E42E /* Project object */;
}
