// !$*UTF8*$!
{
	archiveVersion = 1;
	classes = {
	};
	objectVersion = 46;
	objects = {

/* Begin PBXBuildFile section */
		5172797C15CE1C9D00C5D1F3 /* UIKit.framework in Frameworks */ = {isa = PBXBuildFile; fileRef = 5172797B15CE1C9D00C5D1F3 /* UIKit.framework */; };
		5172797E15CE1C9D00C5D1F3 /* Foundation.framework in Frameworks */ = {isa = PBXBuildFile; fileRef = 5172797D15CE1C9D00C5D1F3 /* Foundation.framework */; };
		5172798015CE1C9D00C5D1F3 /* CoreGraphics.framework in Frameworks */ = {isa = PBXBuildFile; fileRef = 5172797F15CE1C9D00C5D1F3 /* CoreGraphics.framework */; };
		5172798615CE1C9D00C5D1F3 /* InfoPlist.strings in Resources */ = {isa = PBXBuildFile; fileRef = 5172798415CE1C9D00C5D1F3 /* InfoPlist.strings */; };
		5172798815CE1C9D00C5D1F3 /* main.m in Sources */ = {isa = PBXBuildFile; fileRef = 5172798715CE1C9D00C5D1F3 /* main.m */; };
		5172798C15CE1C9D00C5D1F3 /* AppDelegate.m in Sources */ = {isa = PBXBuildFile; fileRef = 5172798B15CE1C9D00C5D1F3 /* AppDelegate.m */; };
		5172798F15CE1C9D00C5D1F3 /* MainStoryboard.storyboard in Resources */ = {isa = PBXBuildFile; fileRef = 5172798D15CE1C9D00C5D1F3 /* MainStoryboard.storyboard */; };
		5172799215CE1C9D00C5D1F3 /* ViewController.m in Sources */ = {isa = PBXBuildFile; fileRef = 5172799115CE1C9D00C5D1F3 /* ViewController.m */; };
/* End PBXBuildFile section */

/* Begin PBXFileReference section */
		5172797715CE1C9D00C5D1F3 /* Substraction.app */ = {isa = PBXFileReference; explicitFileType = wrapper.application; includeInIndex = 0; path = Substraction.app; sourceTree = BUILT_PRODUCTS_DIR; };
		5172797B15CE1C9D00C5D1F3 /* UIKit.framework */ = {isa = PBXFileReference; lastKnownFileType = wrapper.framework; name = UIKit.framework; path = System/Library/Frameworks/UIKit.framework; sourceTree = SDKROOT; };
		5172797D15CE1C9D00C5D1F3 /* Foundation.framework */ = {isa = PBXFileReference; lastKnownFileType = wrapper.framework; name = Foundation.framework; path = System/Library/Frameworks/Foundation.framework; sourceTree = SDKROOT; };
		5172797F15CE1C9D00C5D1F3 /* CoreGraphics.framework */ = {isa = PBXFileReference; lastKnownFileType = wrapper.framework; name = CoreGraphics.framework; path = System/Library/Frameworks/CoreGraphics.framework; sourceTree = SDKROOT; };
		5172798315CE1C9D00C5D1F3 /* Substraction-Info.plist */ = {isa = PBXFileReference; lastKnownFileType = text.plist.xml; path = "Substraction-Info.plist"; sourceTree = "<group>"; };
		5172798515CE1C9D00C5D1F3 /* en */ = {isa = PBXFileReference; lastKnownFileType = text.plist.strings; name = en; path = en.lproj/InfoPlist.strings; sourceTree = "<group>"; };
		5172798715CE1C9D00C5D1F3 /* main.m */ = {isa = PBXFileReference; lastKnownFileType = sourcecode.c.objc; path = main.m; sourceTree = "<group>"; };
		5172798915CE1C9D00C5D1F3 /* Substraction-Prefix.pch */ = {isa = PBXFileReference; lastKnownFileType = sourcecode.c.h; path = "Substraction-Prefix.pch"; sourceTree = "<group>"; };
		5172798A15CE1C9D00C5D1F3 /* AppDelegate.h */ = {isa = PBXFileReference; lastKnownFileType = sourcecode.c.h; path = AppDelegate.h; sourceTree = "<group>"; };
		5172798B15CE1C9D00C5D1F3 /* AppDelegate.m */ = {isa = PBXFileReference; lastKnownFileType = sourcecode.c.objc; path = AppDelegate.m; sourceTree = "<group>"; };
		5172798E15CE1C9D00C5D1F3 /* en */ = {isa = PBXFileReference; lastKnownFileType = file.storyboard; name = en; path = en.lproj/MainStoryboard.storyboard; sourceTree = "<group>"; };
		5172799015CE1C9D00C5D1F3 /* ViewController.h */ = {isa = PBXFileReference; lastKnownFileType = sourcecode.c.h; path = ViewController.h; sourceTree = "<group>"; };
		5172799115CE1C9D00C5D1F3 /* ViewController.m */ = {isa = PBXFileReference; lastKnownFileType = sourcecode.c.objc; path = ViewController.m; sourceTree = "<group>"; };
/* End PBXFileReference section */

/* Begin PBXFrameworksBuildPhase section */
		5172797415CE1C9D00C5D1F3 /* Frameworks */ = {
			isa = PBXFrameworksBuildPhase;
			buildActionMask = 2147483647;
			files = (
				5172797C15CE1C9D00C5D1F3 /* UIKit.framework in Frameworks */,
				5172797E15CE1C9D00C5D1F3 /* Foundation.framework in Frameworks */,
				5172798015CE1C9D00C5D1F3 /* CoreGraphics.framework in Frameworks */,
			);
			runOnlyForDeploymentPostprocessing = 0;
		};
/* End PBXFrameworksBuildPhase section */

/* Begin PBXGroup section */
		5172796C15CE1C9D00C5D1F3 = {
			isa = PBXGroup;
			children = (
				5172798115CE1C9D00C5D1F3 /* Substraction */,
				5172797A15CE1C9D00C5D1F3 /* Frameworks */,
				5172797815CE1C9D00C5D1F3 /* Products */,
			);
			sourceTree = "<group>";
		};
		5172797815CE1C9D00C5D1F3 /* Products */ = {
			isa = PBXGroup;
			children = (
				5172797715CE1C9D00C5D1F3 /* Substraction.app */,
			);
			name = Products;
			sourceTree = "<group>";
		};
		5172797A15CE1C9D00C5D1F3 /* Frameworks */ = {
			isa = PBXGroup;
			children = (
				5172797B15CE1C9D00C5D1F3 /* UIKit.framework */,
				5172797D15CE1C9D00C5D1F3 /* Foundation.framework */,
				5172797F15CE1C9D00C5D1F3 /* CoreGraphics.framework */,
			);
			name = Frameworks;
			sourceTree = "<group>";
		};
		5172798115CE1C9D00C5D1F3 /* Substraction */ = {
			isa = PBXGroup;
			children = (
				5172798A15CE1C9D00C5D1F3 /* AppDelegate.h */,
				5172798B15CE1C9D00C5D1F3 /* AppDelegate.m */,
				5172798D15CE1C9D00C5D1F3 /* MainStoryboard.storyboard */,
				5172799015CE1C9D00C5D1F3 /* ViewController.h */,
				5172799115CE1C9D00C5D1F3 /* ViewController.m */,
				5172798215CE1C9D00C5D1F3 /* Supporting Files */,
			);
			path = Substraction;
			sourceTree = "<group>";
		};
		5172798215CE1C9D00C5D1F3 /* Supporting Files */ = {
			isa = PBXGroup;
			children = (
				5172798315CE1C9D00C5D1F3 /* Substraction-Info.plist */,
				5172798415CE1C9D00C5D1F3 /* InfoPlist.strings */,
				5172798715CE1C9D00C5D1F3 /* main.m */,
				5172798915CE1C9D00C5D1F3 /* Substraction-Prefix.pch */,
			);
			name = "Supporting Files";
			sourceTree = "<group>";
		};
/* End PBXGroup section */

/* Begin PBXNativeTarget section */
		5172797615CE1C9D00C5D1F3 /* Substraction */ = {
			isa = PBXNativeTarget;
			buildConfigurationList = 5172799515CE1C9D00C5D1F3 /* Build configuration list for PBXNativeTarget "Substraction" */;
			buildPhases = (
				5172797315CE1C9D00C5D1F3 /* Sources */,
				5172797415CE1C9D00C5D1F3 /* Frameworks */,
				5172797515CE1C9D00C5D1F3 /* Resources */,
			);
			buildRules = (
			);
			dependencies = (
			);
			name = Substraction;
			productName = Substraction;
			productReference = 5172797715CE1C9D00C5D1F3 /* Substraction.app */;
			productType = "com.apple.product-type.application";
		};
/* End PBXNativeTarget section */

/* Begin PBXProject section */
		5172796E15CE1C9D00C5D1F3 /* Project object */ = {
			isa = PBXProject;
			attributes = {
				LastUpgradeCheck = 0430;
				ORGANIZATIONNAME = FIS;
			};
			buildConfigurationList = 5172797115CE1C9D00C5D1F3 /* Build configuration list for PBXProject "Substraction" */;
			compatibilityVersion = "Xcode 3.2";
			developmentRegion = English;
			hasScannedForEncodings = 0;
			knownRegions = (
				en,
			);
			mainGroup = 5172796C15CE1C9D00C5D1F3;
			productRefGroup = 5172797815CE1C9D00C5D1F3 /* Products */;
			projectDirPath = "";
			projectRoot = "";
			targets = (
				5172797615CE1C9D00C5D1F3 /* Substraction */,
			);
		};
/* End PBXProject section */

/* Begin PBXResourcesBuildPhase section */
		5172797515CE1C9D00C5D1F3 /* Resources */ = {
			isa = PBXResourcesBuildPhase;
			buildActionMask = 2147483647;
			files = (
				5172798615CE1C9D00C5D1F3 /* InfoPlist.strings in Resources */,
				5172798F15CE1C9D00C5D1F3 /* MainStoryboard.storyboard in Resources */,
			);
			runOnlyForDeploymentPostprocessing = 0;
		};
/* End PBXResourcesBuildPhase section */

/* Begin PBXSourcesBuildPhase section */
		5172797315CE1C9D00C5D1F3 /* Sources */ = {
			isa = PBXSourcesBuildPhase;
			buildActionMask = 2147483647;
			files = (
				5172798815CE1C9D00C5D1F3 /* main.m in Sources */,
				5172798C15CE1C9D00C5D1F3 /* AppDelegate.m in Sources */,
				5172799215CE1C9D00C5D1F3 /* ViewController.m in Sources */,
			);
			runOnlyForDeploymentPostprocessing = 0;
		};
/* End PBXSourcesBuildPhase section */

/* Begin PBXVariantGroup section */
		5172798415CE1C9D00C5D1F3 /* InfoPlist.strings */ = {
			isa = PBXVariantGroup;
			children = (
				5172798515CE1C9D00C5D1F3 /* en */,
			);
			name = InfoPlist.strings;
			sourceTree = "<group>";
		};
		5172798D15CE1C9D00C5D1F3 /* MainStoryboard.storyboard */ = {
			isa = PBXVariantGroup;
			children = (
				5172798E15CE1C9D00C5D1F3 /* en */,
			);
			name = MainStoryboard.storyboard;
			sourceTree = "<group>";
		};
/* End PBXVariantGroup section */

/* Begin XCBuildConfiguration section */
		5172799315CE1C9D00C5D1F3 /* Debug */ = {
			isa = XCBuildConfiguration;
			buildSettings = {
				ALWAYS_SEARCH_USER_PATHS = NO;
				ARCHS = "$(ARCHS_STANDARD_32_BIT)";
				CLANG_ENABLE_OBJC_ARC = YES;
				"CODE_SIGN_IDENTITY[sdk=iphoneos*]" = "iPhone Developer";
				COPY_PHASE_STRIP = NO;
				GCC_C_LANGUAGE_STANDARD = gnu99;
				GCC_DYNAMIC_NO_PIC = NO;
				GCC_OPTIMIZATION_LEVEL = 0;
				GCC_PREPROCESSOR_DEFINITIONS = (
					"DEBUG=1",
					"$(inherited)",
				);
				GCC_SYMBOLS_PRIVATE_EXTERN = NO;
				GCC_VERSION = com.apple.compilers.llvm.clang.1_0;
				GCC_WARN_ABOUT_RETURN_TYPE = YES;
				GCC_WARN_UNINITIALIZED_AUTOS = YES;
				GCC_WARN_UNUSED_VARIABLE = YES;
				IPHONEOS_DEPLOYMENT_TARGET = 5.1;
				SDKROOT = iphoneos;
			};
			name = Debug;
		};
		5172799415CE1C9D00C5D1F3 /* Release */ = {
			isa = XCBuildConfiguration;
			buildSettings = {
				ALWAYS_SEARCH_USER_PATHS = NO;
				ARCHS = "$(ARCHS_STANDARD_32_BIT)";
				CLANG_ENABLE_OBJC_ARC = YES;
				"CODE_SIGN_IDENTITY[sdk=iphoneos*]" = "iPhone Developer";
				COPY_PHASE_STRIP = YES;
				GCC_C_LANGUAGE_STANDARD = gnu99;
				GCC_VERSION = com.apple.compilers.llvm.clang.1_0;
				GCC_WARN_ABOUT_RETURN_TYPE = YES;
				GCC_WARN_UNINITIALIZED_AUTOS = YES;
				GCC_WARN_UNUSED_VARIABLE = YES;
				IPHONEOS_DEPLOYMENT_TARGET = 5.1;
				OTHER_CFLAGS = "-DNS_BLOCK_ASSERTIONS=1";
				SDKROOT = iphoneos;
				VALIDATE_PRODUCT = YES;
			};
			name = Release;
		};
		5172799615CE1C9D00C5D1F3 /* Debug */ = {
			isa = XCBuildConfiguration;
			buildSettings = {
				GCC_PRECOMPILE_PREFIX_HEADER = YES;
				GCC_PREFIX_HEADER = "Substraction/Substraction-Prefix.pch";
				INFOPLIST_FILE = "Substraction/Substraction-Info.plist";
				PRODUCT_NAME = "$(TARGET_NAME)";
				WRAPPER_EXTENSION = app;
			};
			name = Debug;
		};
		5172799715CE1C9D00C5D1F3 /* Release */ = {
			isa = XCBuildConfiguration;
			buildSettings = {
				GCC_PRECOMPILE_PREFIX_HEADER = YES;
				GCC_PREFIX_HEADER = "Substraction/Substraction-Prefix.pch";
				INFOPLIST_FILE = "Substraction/Substraction-Info.plist";
				PRODUCT_NAME = "$(TARGET_NAME)";
				WRAPPER_EXTENSION = app;
			};
			name = Release;
		};
/* End XCBuildConfiguration section */

/* Begin XCConfigurationList section */
		5172797115CE1C9D00C5D1F3 /* Build configuration list for PBXProject "Substraction" */ = {
			isa = XCConfigurationList;
			buildConfigurations = (
				5172799315CE1C9D00C5D1F3 /* Debug */,
				5172799415CE1C9D00C5D1F3 /* Release */,
			);
			defaultConfigurationIsVisible = 0;
			defaultConfigurationName = Release;
		};
		5172799515CE1C9D00C5D1F3 /* Build configuration list for PBXNativeTarget "Substraction" */ = {
			isa = XCConfigurationList;
			buildConfigurations = (
				5172799615CE1C9D00C5D1F3 /* Debug */,
				5172799715CE1C9D00C5D1F3 /* Release */,
			);
			defaultConfigurationIsVisible = 0;
		};
/* End XCConfigurationList section */
	};
	rootObject = 5172796E15CE1C9D00C5D1F3 /* Project object */;
}
